<?xml version="1.0" encoding="utf-8"?>
<Project ToolsVersion="4.0" xmlns="http://schemas.microsoft.com/developer/msbuild/2003">
  <ItemGroup>
    <Filter Include="Source Files">
      <UniqueIdentifier>{4FC737F1-C7A5-4376-A066-2A32D752A2FF}</UniqueIdentifier>
      <Extensions>cpp;c;cc;cxx;def;odl;idl;hpj;bat;asm;asmx</Extensions>
    </Filter>
    <Filter Include="Header Files">
      <UniqueIdentifier>{93995380-89BD-4b04-88EB-625FBE52EBFB}</UniqueIdentifier>
      <Extensions>h;hh;hpp;hxx;hm;inl;inc;xsd</Extensions>
    </Filter>
    <Filter Include="Resource Files">
      <UniqueIdentifier>{67DA6AB6-F800-4c08-8B7A-83BB121AAD01}</UniqueIdentifier>
      <Extensions>rc;ico;cur;bmp;dlg;rc2;rct;bin;rgs;gif;jpg;jpeg;jpe;resx;tiff;tif;png;wav</Extensions>
    </Filter>
  </ItemGroup>
  <ItemGroup>
    <ClCompile Include="i3lib\i3logger.cpp">
      <Filter>Source Files</Filter>
    </ClCompile>
    <ClCompile Include="i3lib\i3prng.cpp">
      <Filter>Source Files</Filter>
    </ClCompile>
    <ClCompile Include="i3lib\fsmlexample\main.cpp">
      <Filter>Source Files</Filter>
    </ClCompile>
    <ClCompile Include="i3lib\i3libexample\main.cpp">
      <Filter>Source Files</Filter>
    </ClCompile>
    <ClCompile Include="i3lib\xxhash\xxhash.c">
      <Filter>Source Files</Filter>
    </ClCompile>
    <ClCompile Include="i3lib\xxhash\xxh_x86dispatch.c">
      <Filter>Source Files</Filter>
    </ClCompile>
    <ClCompile Include="i3lib\xxhash\cli\xsum_bench.c">
      <Filter>Source Files</Filter>
    </ClCompile>
    <ClCompile Include="i3lib\xxhash\cli\xsum_os_specific.c">
      <Filter>Source Files</Filter>
    </ClCompile>
    <ClCompile Include="i3lib\xxhash\cli\xsum_output.c">
      <Filter>Source Files</Filter>
    </ClCompile>
    <ClCompile Include="i3lib\xxhash\cli\xsum_sanity_check.c">
      <Filter>Source Files</Filter>
    </ClCompile>
    <ClCompile Include="i3lib\xxhash\cli\xxhsum.c">
      <Filter>Source Files</Filter>
    </ClCompile>
    <ClCompile Include="i3lib\xxhash\fuzz\fuzzer.c">
      <Filter>Source Files</Filter>
    </ClCompile>
    <ClCompile Include="i3lib\xxhash\tests\generate_unicode_test.c">
      <Filter>Source Files</Filter>
    </ClCompile>
    <ClCompile Include="i3lib\xxhash\tests\multiInclude.c">
      <Filter>Source Files</Filter>
    </ClCompile>
    <ClCompile Include="i3lib\xxhash\tests\ppc_define.c">
      <Filter>Source Files</Filter>
    </ClCompile>
    <ClCompile Include="i3lib\xxhash\tests\sanity_test.c">
      <Filter>Source Files</Filter>
    </ClCompile>
    <ClCompile Include="i3lib\xxhash\tests\sanity_test_vectors_generator.c">
      <Filter>Source Files</Filter>
    </ClCompile>
    <ClCompile Include="i3lib\xxhash\tests\bench\benchfn.c">
      <Filter>Source Files</Filter>
    </ClCompile>
    <ClCompile Include="i3lib\xxhash\tests\bench\benchHash.c">
      <Filter>Source Files</Filter>
    </ClCompile>
    <ClCompile Include="i3lib\xxhash\tests\bench\bhDisplay.c">
      <Filter>Source Files</Filter>
    </ClCompile>
    <ClCompile Include="i3lib\xxhash\tests\bench\main.c">
      <Filter>Source Files</Filter>
    </ClCompile>
    <ClCompile Include="i3lib\xxhash\tests\bench\timefn.c">
      <Filter>Source Files</Filter>
    </ClCompile>
    <ClCompile Include="i3lib\xxhash\tests\collisions\sort.cc">
      <Filter>Source Files</Filter>
    </ClCompile>
    <ClCompile Include="i3lib\xxhash\tests\collisions\main.c">
      <Filter>Source Files</Filter>
    </ClCompile>
    <ClCompile Include="i3lib\xxhash\tests\collisions\pool.c">
      <Filter>Source Files</Filter>
    </ClCompile>
    <ClCompile Include="i3lib\xxhash\tests\collisions\threading.c">
      <Filter>Source Files</Filter>
    </ClCompile>
    <ClCompile Include="i3lib\xxhash\tests\collisions\allcodecs\dummy.c">
      <Filter>Source Files</Filter>
    </ClCompile>
  </ItemGroup>
  <ItemGroup>
    <ClInclude Include="i3lib\i3defs.h">
      <Filter>Header Files</Filter>
    </ClInclude>
    <ClInclude Include="i3lib\i3error.h">
      <Filter>Header Files</Filter>
    </ClInclude>
    <ClInclude Include="i3lib\i3lib.h">
      <Filter>Header Files</Filter>
    </ClInclude>
    <ClInclude Include="i3lib\i3logger.h">
      <Filter>Header Files</Filter>
    </ClInclude>
    <ClInclude Include="i3lib\i3math.h">
      <Filter>Header Files</Filter>
    </ClInclude>
    <ClInclude Include="i3lib\i3prng.h">
      <Filter>Header Files</Filter>
    </ClInclude>
    <ClInclude Include="i3lib\xxhash\xxh3.h">
      <Filter>Header Files</Filter>
    </ClInclude>
    <ClInclude Include="i3lib\xxhash\xxhash.h">
      <Filter>Header Files</Filter>
    </ClInclude>
    <ClInclude Include="i3lib\xxhash\xxh_x86dispatch.h">
      <Filter>Header Files</Filter>
    </ClInclude>
    <ClInclude Include="i3lib\xxhash\cli\xsum_arch.h">
      <Filter>Header Files</Filter>
    </ClInclude>
    <ClInclude Include="i3lib\xxhash\cli\xsum_bench.h">
      <Filter>Header Files</Filter>
    </ClInclude>
    <ClInclude Include="i3lib\xxhash\cli\xsum_config.h">
      <Filter>Header Files</Filter>
    </ClInclude>
    <ClInclude Include="i3lib\xxhash\cli\xsum_os_specific.h">
      <Filter>Header Files</Filter>
    </ClInclude>
    <ClInclude Include="i3lib\xxhash\cli\xsum_output.h">
      <Filter>Header Files</Filter>
    </ClInclude>
    <ClInclude Include="i3lib\xxhash\cli\xsum_sanity_check.h">
      <Filter>Header Files</Filter>
    </ClInclude>
    <ClInclude Include="i3lib\xxhash\tests\sanity_test_vectors.h">
      <Filter>Header Files</Filter>
    </ClInclude>
    <ClInclude Include="i3lib\xxhash\tests\bench\benchfn.h">
      <Filter>Header Files</Filter>
    </ClInclude>
    <ClInclude Include="i3lib\xxhash\tests\bench\benchHash.h">
      <Filter>Header Files</Filter>
    </ClInclude>
    <ClInclude Include="i3lib\xxhash\tests\bench\bhDisplay.h">
      <Filter>Header Files</Filter>
    </ClInclude>
    <ClInclude Include="i3lib\xxhash\tests\bench\hashes.h">
      <Filter>Header Files</Filter>
    </ClInclude>
    <ClInclude Include="i3lib\xxhash\tests\bench\timefn.h">
      <Filter>Header Files</Filter>
    </ClInclude>
    <ClInclude Include="i3lib\xxhash\tests\collisions\hashes.h">
      <Filter>Header Files</Filter>
    </ClInclude>
    <ClInclude Include="i3lib\xxhash\tests\collisions\pool.h">
      <Filter>Header Files</Filter>
    </ClInclude>
    <ClInclude Include="i3lib\xxhash\tests\collisions\threading.h">
      <Filter>Header Files</Filter>
    </ClInclude>
    <ClInclude Include="i3lib\xxhash\tests\collisions\sort.hh">
      <Filter>Header Files</Filter>
    </ClInclude>
    <ClInclude Include="i3lib\xxhash\tests\collisions\allcodecs\dummy.h">
      <Filter>Header Files</Filter>
    </ClInclude>
  </ItemGroup>
</Project>